Microsoft Visual Studio Solution File, Format Version 12.00
# Visual Studio Version 17
VisualStudioVersion = 17.5.2.0
MinimumVisualStudioVersion = 10.0.40219.1
Project("{FAE04EC0-301F-11D3-BF4B-00C04F79EFBC}") = "JitsiMeetDemo", "JitsiMeetDemo.csproj", "{8AF8860A-DE48-4FD4-FA26-2BA62A81895E}"
EndProject
Global
	GlobalSection(SolutionConfigurationPlatforms) = preSolution
		Debug|Any CPU = Debug|Any CPU
		Release|Any CPU = Release|Any CPU
	EndGlobalSection
	GlobalSection(ProjectConfigurationPlatforms) = postSolution
		{8AF8860A-DE48-4FD4-FA26-2BA62A81895E}.Debug|Any CPU.ActiveCfg = Debug|Any CPU
		{8AF8860A-DE48-4FD4-FA26-2BA62A81895E}.Debug|Any CPU.Build.0 = Debug|Any CPU
		{8AF8860A-DE48-4FD4-FA26-2BA62A81895E}.Release|Any CPU.ActiveCfg = Release|Any CPU
		{8AF8860A-DE48-4FD4-FA26-2BA62A81895E}.Release|Any CPU.Build.0 = Release|Any CPU
	EndGlobalSection
	GlobalSection(SolutionProperties) = preSolution
		HideSolutionNode = FALSE
	EndGlobalSection
	GlobalSection(ExtensibilityGlobals) = postSolution
		SolutionGuid = {3E6DF09E-79A5-47B2-B243-AF5A6E66C558}
	EndGlobalSection
EndGlobal
